// !$*UTF8*$!
{
	archiveVersion = 1;
	classes = {
	};
	objectVersion = 55;
	objects = {

/* Begin PBXBuildFile section */
		16590793288482EF00B23372 /* Pick.storyboard in Resources */ = {isa = PBXBuildFile; fileRef = 16590792288482EF00B23372 /* Pick.storyboard */; };
		1659079528848AF100B23372 /* PickViewController.swift in Sources */ = {isa = PBXBuildFile; fileRef = 1659079428848AF100B23372 /* PickViewController.swift */; };
		1659079E2885B4E800B23372 /* RoomTableViewCell.swift in Sources */ = {isa = PBXBuildFile; fileRef = 1659079C2885B4E800B23372 /* RoomTableViewCell.swift */; };
		1659079F2885B4E800B23372 /* RoomTableViewCell.xib in Resources */ = {isa = PBXBuildFile; fileRef = 1659079D2885B4E800B23372 /* RoomTableViewCell.xib */; };
		2552F8C72886A8BA00E40599 /* Detail.storyboard in Resources */ = {isa = PBXBuildFile; fileRef = 2552F8C62886A8BA00E40599 /* Detail.storyboard */; };
		3D8FC6B92885339700722937 /* Extension.swift in Sources */ = {isa = PBXBuildFile; fileRef = 3D8FC6B82885339700722937 /* Extension.swift */; };
		7ABEE2B1288577C100C2C020 /* JSONDataManager.swift in Sources */ = {isa = PBXBuildFile; fileRef = 7ABEE2B0288577C100C2C020 /* JSONDataManager.swift */; };
		7AEAB5FA2885746400BA2216 /* StoreModel.swift in Sources */ = {isa = PBXBuildFile; fileRef = 7AEAB5F92885746400BA2216 /* StoreModel.swift */; };
		7AEAB5FD2885764500BA2216 /* StoreData.json in Resources */ = {isa = PBXBuildFile; fileRef = 7AEAB5FC2885764500BA2216 /* StoreData.json */; };
		A0FEF759287EBDF500DA3FBE /* AppDelegate.swift in Sources */ = {isa = PBXBuildFile; fileRef = A0FEF758287EBDF500DA3FBE /* AppDelegate.swift */; };
		A0FEF75B287EBDF500DA3FBE /* SceneDelegate.swift in Sources */ = {isa = PBXBuildFile; fileRef = A0FEF75A287EBDF500DA3FBE /* SceneDelegate.swift */; };
		A0FEF75D287EBDF500DA3FBE /* MainTabBarController.swift in Sources */ = {isa = PBXBuildFile; fileRef = A0FEF75C287EBDF500DA3FBE /* MainTabBarController.swift */; };
		A0FEF760287EBDF500DA3FBE /* Main.storyboard in Resources */ = {isa = PBXBuildFile; fileRef = A0FEF75E287EBDF500DA3FBE /* Main.storyboard */; };
		A0FEF762287EBDF600DA3FBE /* Assets.xcassets in Resources */ = {isa = PBXBuildFile; fileRef = A0FEF761287EBDF600DA3FBE /* Assets.xcassets */; };
		A0FEF765287EBDF600DA3FBE /* LaunchScreen.storyboard in Resources */ = {isa = PBXBuildFile; fileRef = A0FEF763287EBDF600DA3FBE /* LaunchScreen.storyboard */; };
/* End PBXBuildFile section */

/* Begin PBXFileReference section */
		16590792288482EF00B23372 /* Pick.storyboard */ = {isa = PBXFileReference; lastKnownFileType = file.storyboard; path = Pick.storyboard; sourceTree = "<group>"; };
		1659079428848AF100B23372 /* PickViewController.swift */ = {isa = PBXFileReference; lastKnownFileType = sourcecode.swift; path = PickViewController.swift; sourceTree = "<group>"; };
		1659079C2885B4E800B23372 /* RoomTableViewCell.swift */ = {isa = PBXFileReference; lastKnownFileType = sourcecode.swift; path = RoomTableViewCell.swift; sourceTree = "<group>"; usesTabs = 0; };
		1659079D2885B4E800B23372 /* RoomTableViewCell.xib */ = {isa = PBXFileReference; lastKnownFileType = file.xib; path = RoomTableViewCell.xib; sourceTree = "<group>"; };
		2552F8C62886A8BA00E40599 /* Detail.storyboard */ = {isa = PBXFileReference; fileEncoding = 4; lastKnownFileType = file.storyboard; path = Detail.storyboard; sourceTree = "<group>"; };
		3D8FC6B82885339700722937 /* Extension.swift */ = {isa = PBXFileReference; lastKnownFileType = sourcecode.swift; path = Extension.swift; sourceTree = "<group>"; };
		7ABEE2B0288577C100C2C020 /* JSONDataManager.swift */ = {isa = PBXFileReference; lastKnownFileType = sourcecode.swift; path = JSONDataManager.swift; sourceTree = "<group>"; };
		7AEAB5F92885746400BA2216 /* StoreModel.swift */ = {isa = PBXFileReference; lastKnownFileType = sourcecode.swift; path = StoreModel.swift; sourceTree = "<group>"; };
		7AEAB5FC2885764500BA2216 /* StoreData.json */ = {isa = PBXFileReference; lastKnownFileType = text.json; path = StoreData.json; sourceTree = "<group>"; };
		A0FEF755287EBDF500DA3FBE /* RoomEscape.app */ = {isa = PBXFileReference; explicitFileType = wrapper.application; includeInIndex = 0; path = RoomEscape.app; sourceTree = BUILT_PRODUCTS_DIR; };
		A0FEF758287EBDF500DA3FBE /* AppDelegate.swift */ = {isa = PBXFileReference; lastKnownFileType = sourcecode.swift; path = AppDelegate.swift; sourceTree = "<group>"; };
		A0FEF75A287EBDF500DA3FBE /* SceneDelegate.swift */ = {isa = PBXFileReference; lastKnownFileType = sourcecode.swift; path = SceneDelegate.swift; sourceTree = "<group>"; };
		A0FEF75C287EBDF500DA3FBE /* MainTabBarController.swift */ = {isa = PBXFileReference; lastKnownFileType = sourcecode.swift; path = MainTabBarController.swift; sourceTree = "<group>"; };
		A0FEF75F287EBDF500DA3FBE /* Base */ = {isa = PBXFileReference; lastKnownFileType = file.storyboard; name = Base; path = Base.lproj/Main.storyboard; sourceTree = "<group>"; };
		A0FEF761287EBDF600DA3FBE /* Assets.xcassets */ = {isa = PBXFileReference; lastKnownFileType = folder.assetcatalog; path = Assets.xcassets; sourceTree = "<group>"; };
		A0FEF764287EBDF600DA3FBE /* Base */ = {isa = PBXFileReference; lastKnownFileType = file.storyboard; name = Base; path = Base.lproj/LaunchScreen.storyboard; sourceTree = "<group>"; };
		A0FEF766287EBDF600DA3FBE /* Info.plist */ = {isa = PBXFileReference; lastKnownFileType = text.plist.xml; path = Info.plist; sourceTree = "<group>"; };
/* End PBXFileReference section */

/* Begin PBXFrameworksBuildPhase section */
		A0FEF752287EBDF500DA3FBE /* Frameworks */ = {
			isa = PBXFrameworksBuildPhase;
			buildActionMask = 2147483647;
			files = (
			);
			runOnlyForDeploymentPostprocessing = 0;
		};
/* End PBXFrameworksBuildPhase section */

/* Begin PBXGroup section */
		7ABEE2AF288577A400C2C020 /* Managers */ = {
			isa = PBXGroup;
			children = (
				7ABEE2B0288577C100C2C020 /* JSONDataManager.swift */,
			);
			path = Managers;
			sourceTree = "<group>";
		};
		7AEAB5FB2885748600BA2216 /* Views */ = {
			isa = PBXGroup;
			children = (
				2552F8C62886A8BA00E40599 /* Detail.storyboard */,
				A0FEF75E287EBDF500DA3FBE /* Main.storyboard */,
				16590792288482EF00B23372 /* Pick.storyboard */,
				1659079C2885B4E800B23372 /* RoomTableViewCell.swift */,
				1659079D2885B4E800B23372 /* RoomTableViewCell.xib */,
			);
			path = Views;
			sourceTree = "<group>";
		};
		A0ED96E32880480900C31E95 /* Models */ = {
			isa = PBXGroup;
			children = (
				7AEAB5F92885746400BA2216 /* StoreModel.swift */,
			);
			path = Models;
			sourceTree = "<group>";
		};
		A0ED96E42880481100C31E95 /* ViewControllers */ = {
			isa = PBXGroup;
			children = (
				A0FEF75C287EBDF500DA3FBE /* MainTabBarController.swift */,
				1659079428848AF100B23372 /* PickViewController.swift */,
			);
			path = ViewControllers;
			sourceTree = "<group>";
		};
		A0ED96E52880497E00C31E95 /* Extensions */ = {
			isa = PBXGroup;
			children = (
				3D8FC6B82885339700722937 /* Extension.swift */,
			);
			path = Extensions;
			sourceTree = "<group>";
		};
		A0FEF74C287EBDF500DA3FBE = {
			isa = PBXGroup;
			children = (
				A0FEF757287EBDF500DA3FBE /* RoomEscape */,
				A0FEF756287EBDF500DA3FBE /* Products */,
			);
			sourceTree = "<group>";
		};
		A0FEF756287EBDF500DA3FBE /* Products */ = {
			isa = PBXGroup;
			children = (
				A0FEF755287EBDF500DA3FBE /* RoomEscape.app */,
			);
			name = Products;
			sourceTree = "<group>";
		};
		A0FEF757287EBDF500DA3FBE /* RoomEscape */ = {
			isa = PBXGroup;
			children = (
				A0ED96E52880497E00C31E95 /* Extensions */,
				A0ED96E42880481100C31E95 /* ViewControllers */,
				A0ED96E32880480900C31E95 /* Models */,
				7ABEE2AF288577A400C2C020 /* Managers */,
				7AEAB5FB2885748600BA2216 /* Views */,
				A0FEF758287EBDF500DA3FBE /* AppDelegate.swift */,
				A0FEF75A287EBDF500DA3FBE /* SceneDelegate.swift */,
				7AEAB5FC2885764500BA2216 /* StoreData.json */,
				A0FEF761287EBDF600DA3FBE /* Assets.xcassets */,
				A0FEF763287EBDF600DA3FBE /* LaunchScreen.storyboard */,
				A0FEF766287EBDF600DA3FBE /* Info.plist */,
			);
			path = RoomEscape;
			sourceTree = "<group>";
		};
/* End PBXGroup section */

/* Begin PBXNativeTarget section */
		A0FEF754287EBDF500DA3FBE /* RoomEscape */ = {
			isa = PBXNativeTarget;
			buildConfigurationList = A0FEF769287EBDF600DA3FBE /* Build configuration list for PBXNativeTarget "RoomEscape" */;
			buildPhases = (
				A0FEF751287EBDF500DA3FBE /* Sources */,
				A0FEF752287EBDF500DA3FBE /* Frameworks */,
				A0FEF753287EBDF500DA3FBE /* Resources */,
			);
			buildRules = (
			);
			dependencies = (
			);
			name = RoomEscape;
			productName = RoomEscape;
			productReference = A0FEF755287EBDF500DA3FBE /* RoomEscape.app */;
			productType = "com.apple.product-type.application";
		};
/* End PBXNativeTarget section */

/* Begin PBXProject section */
		A0FEF74D287EBDF500DA3FBE /* Project object */ = {
			isa = PBXProject;
			attributes = {
				BuildIndependentTargetsInParallel = 1;
				LastSwiftUpdateCheck = 1330;
				LastUpgradeCheck = 1330;
				TargetAttributes = {
					A0FEF754287EBDF500DA3FBE = {
						CreatedOnToolsVersion = 13.3;
					};
				};
			};
			buildConfigurationList = A0FEF750287EBDF500DA3FBE /* Build configuration list for PBXProject "RoomEscape" */;
			compatibilityVersion = "Xcode 13.0";
			developmentRegion = en;
			hasScannedForEncodings = 0;
			knownRegions = (
				en,
				Base,
			);
			mainGroup = A0FEF74C287EBDF500DA3FBE;
			productRefGroup = A0FEF756287EBDF500DA3FBE /* Products */;
			projectDirPath = "";
			projectRoot = "";
			targets = (
				A0FEF754287EBDF500DA3FBE /* RoomEscape */,
			);
		};
/* End PBXProject section */

/* Begin PBXResourcesBuildPhase section */
		A0FEF753287EBDF500DA3FBE /* Resources */ = {
			isa = PBXResourcesBuildPhase;
			buildActionMask = 2147483647;
			files = (
				16590793288482EF00B23372 /* Pick.storyboard in Resources */,
				7AEAB5FD2885764500BA2216 /* StoreData.json in Resources */,
				1659079F2885B4E800B23372 /* RoomTableViewCell.xib in Resources */,
				A0FEF765287EBDF600DA3FBE /* LaunchScreen.storyboard in Resources */,
				2552F8C72886A8BA00E40599 /* Detail.storyboard in Resources */,
				A0FEF762287EBDF600DA3FBE /* Assets.xcassets in Resources */,
				A0FEF760287EBDF500DA3FBE /* Main.storyboard in Resources */,
			);
			runOnlyForDeploymentPostprocessing = 0;
		};
/* End PBXResourcesBuildPhase section */

/* Begin PBXSourcesBuildPhase section */
		A0FEF751287EBDF500DA3FBE /* Sources */ = {
			isa = PBXSourcesBuildPhase;
			buildActionMask = 2147483647;
			files = (
				1659079528848AF100B23372 /* PickViewController.swift in Sources */,
				A0FEF75D287EBDF500DA3FBE /* MainTabBarController.swift in Sources */,
				7ABEE2B1288577C100C2C020 /* JSONDataManager.swift in Sources */,
				7AEAB5FA2885746400BA2216 /* StoreModel.swift in Sources */,
				3D8FC6B92885339700722937 /* Extension.swift in Sources */,
				A0FEF759287EBDF500DA3FBE /* AppDelegate.swift in Sources */,
				1659079E2885B4E800B23372 /* RoomTableViewCell.swift in Sources */,
				A0FEF75B287EBDF500DA3FBE /* SceneDelegate.swift in Sources */,
			);
			runOnlyForDeploymentPostprocessing = 0;
		};
/* End PBXSourcesBuildPhase section */

/* Begin PBXVariantGroup section */
		A0FEF75E287EBDF500DA3FBE /* Main.storyboard */ = {
			isa = PBXVariantGroup;
			children = (
				A0FEF75F287EBDF500DA3FBE /* Base */,
			);
			name = Main.storyboard;
			sourceTree = "<group>";
		};
		A0FEF763287EBDF600DA3FBE /* LaunchScreen.storyboard */ = {
			isa = PBXVariantGroup;
			children = (
				A0FEF764287EBDF600DA3FBE /* Base */,
			);
			name = LaunchScreen.storyboard;
			sourceTree = "<group>";
		};
/* End PBXVariantGroup section */

/* Begin XCBuildConfiguration section */
		A0FEF767287EBDF600DA3FBE /* Debug */ = {
			isa = XCBuildConfiguration;
			buildSettings = {
				ALWAYS_SEARCH_USER_PATHS = NO;
				CLANG_ANALYZER_NONNULL = YES;
				CLANG_ANALYZER_NUMBER_OBJECT_CONVERSION = YES_AGGRESSIVE;
				CLANG_CXX_LANGUAGE_STANDARD = "gnu++17";
				CLANG_ENABLE_MODULES = YES;
				CLANG_ENABLE_OBJC_ARC = YES;
				CLANG_ENABLE_OBJC_WEAK = YES;
				CLANG_WARN_BLOCK_CAPTURE_AUTORELEASING = YES;
				CLANG_WARN_BOOL_CONVERSION = YES;
				CLANG_WARN_COMMA = YES;
				CLANG_WARN_CONSTANT_CONVERSION = YES;
				CLANG_WARN_DEPRECATED_OBJC_IMPLEMENTATIONS = YES;
				CLANG_WARN_DIRECT_OBJC_ISA_USAGE = YES_ERROR;
				CLANG_WARN_DOCUMENTATION_COMMENTS = YES;
				CLANG_WARN_EMPTY_BODY = YES;
				CLANG_WARN_ENUM_CONVERSION = YES;
				CLANG_WARN_INFINITE_RECURSION = YES;
				CLANG_WARN_INT_CONVERSION = YES;
				CLANG_WARN_NON_LITERAL_NULL_CONVERSION = YES;
				CLANG_WARN_OBJC_IMPLICIT_RETAIN_SELF = YES;
				CLANG_WARN_OBJC_LITERAL_CONVERSION = YES;
				CLANG_WARN_OBJC_ROOT_CLASS = YES_ERROR;
				CLANG_WARN_QUOTED_INCLUDE_IN_FRAMEWORK_HEADER = YES;
				CLANG_WARN_RANGE_LOOP_ANALYSIS = YES;
				CLANG_WARN_STRICT_PROTOTYPES = YES;
				CLANG_WARN_SUSPICIOUS_MOVE = YES;
				CLANG_WARN_UNGUARDED_AVAILABILITY = YES_AGGRESSIVE;
				CLANG_WARN_UNREACHABLE_CODE = YES;
				CLANG_WARN__DUPLICATE_METHOD_MATCH = YES;
				COPY_PHASE_STRIP = NO;
				DEBUG_INFORMATION_FORMAT = dwarf;
				ENABLE_STRICT_OBJC_MSGSEND = YES;
				ENABLE_TESTABILITY = YES;
				GCC_C_LANGUAGE_STANDARD = gnu11;
				GCC_DYNAMIC_NO_PIC = NO;
				GCC_NO_COMMON_BLOCKS = YES;
				GCC_OPTIMIZATION_LEVEL = 0;
				GCC_PREPROCESSOR_DEFINITIONS = (
					"DEBUG=1",
					"$(inherited)",
				);
				GCC_WARN_64_TO_32_BIT_CONVERSION = YES;
				GCC_WARN_ABOUT_RETURN_TYPE = YES_ERROR;
				GCC_WARN_UNDECLARED_SELECTOR = YES;
				GCC_WARN_UNINITIALIZED_AUTOS = YES_AGGRESSIVE;
				GCC_WARN_UNUSED_FUNCTION = YES;
				GCC_WARN_UNUSED_VARIABLE = YES;
				IPHONEOS_DEPLOYMENT_TARGET = 15.4;
				MTL_ENABLE_DEBUG_INFO = INCLUDE_SOURCE;
				MTL_FAST_MATH = YES;
				ONLY_ACTIVE_ARCH = YES;
				SDKROOT = iphoneos;
				SWIFT_ACTIVE_COMPILATION_CONDITIONS = DEBUG;
				SWIFT_OPTIMIZATION_LEVEL = "-Onone";
			};
			name = Debug;
		};
		A0FEF768287EBDF600DA3FBE /* Release */ = {
			isa = XCBuildConfiguration;
			buildSettings = {
				ALWAYS_SEARCH_USER_PATHS = NO;
				CLANG_ANALYZER_NONNULL = YES;
				CLANG_ANALYZER_NUMBER_OBJECT_CONVERSION = YES_AGGRESSIVE;
				CLANG_CXX_LANGUAGE_STANDARD = "gnu++17";
				CLANG_ENABLE_MODULES = YES;
				CLANG_ENABLE_OBJC_ARC = YES;
				CLANG_ENABLE_OBJC_WEAK = YES;
				CLANG_WARN_BLOCK_CAPTURE_AUTORELEASING = YES;
				CLANG_WARN_BOOL_CONVERSION = YES;
				CLANG_WARN_COMMA = YES;
				CLANG_WARN_CONSTANT_CONVERSION = YES;
				CLANG_WARN_DEPRECATED_OBJC_IMPLEMENTATIONS = YES;
				CLANG_WARN_DIRECT_OBJC_ISA_USAGE = YES_ERROR;
				CLANG_WARN_DOCUMENTATION_COMMENTS = YES;
				CLANG_WARN_EMPTY_BODY = YES;
				CLANG_WARN_ENUM_CONVERSION = YES;
				CLANG_WARN_INFINITE_RECURSION = YES;
				CLANG_WARN_INT_CONVERSION = YES;
				CLANG_WARN_NON_LITERAL_NULL_CONVERSION = YES;
				CLANG_WARN_OBJC_IMPLICIT_RETAIN_SELF = YES;
				CLANG_WARN_OBJC_LITERAL_CONVERSION = YES;
				CLANG_WARN_OBJC_ROOT_CLASS = YES_ERROR;
				CLANG_WARN_QUOTED_INCLUDE_IN_FRAMEWORK_HEADER = YES;
				CLANG_WARN_RANGE_LOOP_ANALYSIS = YES;
				CLANG_WARN_STRICT_PROTOTYPES = YES;
				CLANG_WARN_SUSPICIOUS_MOVE = YES;
				CLANG_WARN_UNGUARDED_AVAILABILITY = YES_AGGRESSIVE;
				CLANG_WARN_UNREACHABLE_CODE = YES;
				CLANG_WARN__DUPLICATE_METHOD_MATCH = YES;
				COPY_PHASE_STRIP = NO;
				DEBUG_INFORMATION_FORMAT = "dwarf-with-dsym";
				ENABLE_NS_ASSERTIONS = NO;
				ENABLE_STRICT_OBJC_MSGSEND = YES;
				GCC_C_LANGUAGE_STANDARD = gnu11;
				GCC_NO_COMMON_BLOCKS = YES;
				GCC_WARN_64_TO_32_BIT_CONVERSION = YES;
				GCC_WARN_ABOUT_RETURN_TYPE = YES_ERROR;
				GCC_WARN_UNDECLARED_SELECTOR = YES;
				GCC_WARN_UNINITIALIZED_AUTOS = YES_AGGRESSIVE;
				GCC_WARN_UNUSED_FUNCTION = YES;
				GCC_WARN_UNUSED_VARIABLE = YES;
				IPHONEOS_DEPLOYMENT_TARGET = 15.4;
				MTL_ENABLE_DEBUG_INFO = NO;
				MTL_FAST_MATH = YES;
				SDKROOT = iphoneos;
				SWIFT_COMPILATION_MODE = wholemodule;
				SWIFT_OPTIMIZATION_LEVEL = "-O";
				VALIDATE_PRODUCT = YES;
			};
			name = Release;
		};
		A0FEF76A287EBDF600DA3FBE /* Debug */ = {
			isa = XCBuildConfiguration;
			buildSettings = {
				ASSETCATALOG_COMPILER_APPICON_NAME = AppIcon;
				ASSETCATALOG_COMPILER_GLOBAL_ACCENT_COLOR_NAME = AccentColor;
				CODE_SIGN_STYLE = Automatic;
				CURRENT_PROJECT_VERSION = 1;
				GENERATE_INFOPLIST_FILE = YES;
				INFOPLIST_FILE = RoomEscape/Info.plist;
				INFOPLIST_KEY_UIApplicationSupportsIndirectInputEvents = YES;
				INFOPLIST_KEY_UILaunchStoryboardName = LaunchScreen;
				INFOPLIST_KEY_UIMainStoryboardFile = Main;
				INFOPLIST_KEY_UISupportedInterfaceOrientations_iPad = "UIInterfaceOrientationPortrait UIInterfaceOrientationPortraitUpsideDown UIInterfaceOrientationLandscapeLeft UIInterfaceOrientationLandscapeRight";
				INFOPLIST_KEY_UISupportedInterfaceOrientations_iPhone = "UIInterfaceOrientationPortrait UIInterfaceOrientationLandscapeLeft UIInterfaceOrientationLandscapeRight";
				LD_RUNPATH_SEARCH_PATHS = (
					"$(inherited)",
					"@executable_path/Frameworks",
				);
				MARKETING_VERSION = 1.0;
				PRODUCT_BUNDLE_IDENTIFIER = com.later.RoomEscape;
				PRODUCT_NAME = "$(TARGET_NAME)";
				SWIFT_EMIT_LOC_STRINGS = YES;
				SWIFT_VERSION = 5.0;
				TARGETED_DEVICE_FAMILY = "1,2";
			};
			name = Debug;
		};
		A0FEF76B287EBDF600DA3FBE /* Release */ = {
			isa = XCBuildConfiguration;
			buildSettings = {
				ASSETCATALOG_COMPILER_APPICON_NAME = AppIcon;
				ASSETCATALOG_COMPILER_GLOBAL_ACCENT_COLOR_NAME = AccentColor;
				CODE_SIGN_STYLE = Automatic;
				CURRENT_PROJECT_VERSION = 1;
				GENERATE_INFOPLIST_FILE = YES;
				INFOPLIST_FILE = RoomEscape/Info.plist;
				INFOPLIST_KEY_UIApplicationSupportsIndirectInputEvents = YES;
				INFOPLIST_KEY_UILaunchStoryboardName = LaunchScreen;
				INFOPLIST_KEY_UIMainStoryboardFile = Main;
				INFOPLIST_KEY_UISupportedInterfaceOrientations_iPad = "UIInterfaceOrientationPortrait UIInterfaceOrientationPortraitUpsideDown UIInterfaceOrientationLandscapeLeft UIInterfaceOrientationLandscapeRight";
				INFOPLIST_KEY_UISupportedInterfaceOrientations_iPhone = "UIInterfaceOrientationPortrait UIInterfaceOrientationLandscapeLeft UIInterfaceOrientationLandscapeRight";
				LD_RUNPATH_SEARCH_PATHS = (
					"$(inherited)",
					"@executable_path/Frameworks",
				);
				MARKETING_VERSION = 1.0;
				PRODUCT_BUNDLE_IDENTIFIER = com.later.RoomEscape;
				PRODUCT_NAME = "$(TARGET_NAME)";
				SWIFT_EMIT_LOC_STRINGS = YES;
				SWIFT_VERSION = 5.0;
				TARGETED_DEVICE_FAMILY = "1,2";
			};
			name = Release;
		};
/* End XCBuildConfiguration section */

/* Begin XCConfigurationList section */
		A0FEF750287EBDF500DA3FBE /* Build configuration list for PBXProject "RoomEscape" */ = {
			isa = XCConfigurationList;
			buildConfigurations = (
				A0FEF767287EBDF600DA3FBE /* Debug */,
				A0FEF768287EBDF600DA3FBE /* Release */,
			);
			defaultConfigurationIsVisible = 0;
			defaultConfigurationName = Release;
		};
		A0FEF769287EBDF600DA3FBE /* Build configuration list for PBXNativeTarget "RoomEscape" */ = {
			isa = XCConfigurationList;
			buildConfigurations = (
				A0FEF76A287EBDF600DA3FBE /* Debug */,
				A0FEF76B287EBDF600DA3FBE /* Release */,
			);
			defaultConfigurationIsVisible = 0;
			defaultConfigurationName = Release;
		};
/* End XCConfigurationList section */
	};
	rootObject = A0FEF74D287EBDF500DA3FBE /* Project object */;
}
